// !$*UTF8*$!
{
	archiveVersion = 1;
	classes = {
	};
	objectVersion = 48;
	objects = {

/* Begin PBXBuildFile section */
		12E62555CC89654C5A1E43F1 /* Pods_WathaqLawyer.framework in Frameworks */ = {isa = PBXBuildFile; fileRef = 58BA95527BC7C292D3B3C383 /* Pods_WathaqLawyer.framework */; };
		982416C81FC4D15900080DE9 /* EmptyDataAssets.xcassets in Resources */ = {isa = PBXBuildFile; fileRef = 982416C71FC4D15900080DE9 /* EmptyDataAssets.xcassets */; };
		982416CD1FC4D93100080DE9 /* AbstractViewController.swift in Sources */ = {isa = PBXBuildFile; fileRef = 982416CC1FC4D93100080DE9 /* AbstractViewController.swift */; };
		9825892B20155C5B00B701EB /* WebViewController.swift in Sources */ = {isa = PBXBuildFile; fileRef = 9825892A20155C5B00B701EB /* WebViewController.swift */; };
		9825C3001FD1CCD300FE93E3 /* WatheqApi.swift in Sources */ = {isa = PBXBuildFile; fileRef = 9825C2FF1FD1CCD300FE93E3 /* WatheqApi.swift */; };
		9825C3021FD1DD2400FE93E3 /* NetworkHandler.swift in Sources */ = {isa = PBXBuildFile; fileRef = 9825C3011FD1DD2400FE93E3 /* NetworkHandler.swift */; };
		9825C3041FD1DDA100FE93E3 /* DefaultAlamofireManager.swift in Sources */ = {isa = PBXBuildFile; fileRef = 9825C3031FD1DDA100FE93E3 /* DefaultAlamofireManager.swift */; };
		9825C3091FD1DFD200FE93E3 /* User.swift in Sources */ = {isa = PBXBuildFile; fileRef = 9825C3081FD1DFD200FE93E3 /* User.swift */; };
		9825C30C1FD1E2F500FE93E3 /* UserViewModel.swift in Sources */ = {isa = PBXBuildFile; fileRef = 9825C30B1FD1E2F500FE93E3 /* UserViewModel.swift */; };
		9826F7052013CCAD0049363F /* AcceptOrderRootClass.swift in Sources */ = {isa = PBXBuildFile; fileRef = 9826F7042013CCAD0049363F /* AcceptOrderRootClass.swift */; };
		9826F7072013D4780049363F /* Category.swift in Sources */ = {isa = PBXBuildFile; fileRef = 9826F7062013D4780049363F /* Category.swift */; };
		9826F7092013D7020049363F /* Sub.swift in Sources */ = {isa = PBXBuildFile; fileRef = 9826F7082013D7020049363F /* Sub.swift */; };
		9826F70D201404BA0049363F /* NotificationRootClass.swift in Sources */ = {isa = PBXBuildFile; fileRef = 9826F70B201404B90049363F /* NotificationRootClass.swift */; };
		9826F70E201404BA0049363F /* NotificationData.swift in Sources */ = {isa = PBXBuildFile; fileRef = 9826F70C201404BA0049363F /* NotificationData.swift */; };
		9826F711201407690049363F /* NotificationViewModel.swift in Sources */ = {isa = PBXBuildFile; fileRef = 9826F710201407690049363F /* NotificationViewModel.swift */; };
		982B5D381FCB4C840028092E /* PhoneNumberTableViewCell.swift in Sources */ = {isa = PBXBuildFile; fileRef = 982B5D371FCB4C840028092E /* PhoneNumberTableViewCell.swift */; };
		982B5D3A1FCB528A0028092E /* phoneVerificationTableViewCell.swift in Sources */ = {isa = PBXBuildFile; fileRef = 982B5D391FCB528A0028092E /* phoneVerificationTableViewCell.swift */; };
		982C682D1FCEF2DC0090F5F6 /* CompleteProfileViewController.swift in Sources */ = {isa = PBXBuildFile; fileRef = 982C682C1FCEF2DC0090F5F6 /* CompleteProfileViewController.swift */; };
		982DF1FD1FD40DC000E4A8EA /* UserRootClass.swift in Sources */ = {isa = PBXBuildFile; fileRef = 982DF1FC1FD40DC000E4A8EA /* UserRootClass.swift */; };
		982F2CAF200FD4AA003276EE /* PriceTableViewCell.swift in Sources */ = {isa = PBXBuildFile; fileRef = 982F2CAE200FD4AA003276EE /* PriceTableViewCell.swift */; };
		982F2CB1200FD4BF003276EE /* PricePlaceHolderTableViewCell.swift in Sources */ = {isa = PBXBuildFile; fileRef = 982F2CB0200FD4BF003276EE /* PricePlaceHolderTableViewCell.swift */; };
		983308FB2031E90500768A3A /* ContactusDetailsTableViewCell.swift in Sources */ = {isa = PBXBuildFile; fileRef = 983308F92031E90400768A3A /* ContactusDetailsTableViewCell.swift */; };
		983308FC2031E90500768A3A /* ContactUsViewController.swift in Sources */ = {isa = PBXBuildFile; fileRef = 983308FA2031E90500768A3A /* ContactUsViewController.swift */; };
		983308FE2031E97F00768A3A /* AddressLocationTableViewCell.swift in Sources */ = {isa = PBXBuildFile; fileRef = 983308FD2031E97F00768A3A /* AddressLocationTableViewCell.swift */; };
		983309002031ED5900768A3A /* CreateOrderTableViewCell.swift in Sources */ = {isa = PBXBuildFile; fileRef = 983308FF2031ED5800768A3A /* CreateOrderTableViewCell.swift */; };
		98337A071FCC334B00EE7539 /* TimerTableViewCell.swift in Sources */ = {isa = PBXBuildFile; fileRef = 98337A061FCC334B00EE7539 /* TimerTableViewCell.swift */; };
		9833D24920123BE700B6909B /* ProfileHeaderView.swift in Sources */ = {isa = PBXBuildFile; fileRef = 9833D24620123BE500B6909B /* ProfileHeaderView.swift */; };
		9833D24A20123BE700B6909B /* ProfileViewController.swift in Sources */ = {isa = PBXBuildFile; fileRef = 9833D24720123BE600B6909B /* ProfileViewController.swift */; };
		9833D24B20123BE700B6909B /* ProfileHeaderTableViewCell.swift in Sources */ = {isa = PBXBuildFile; fileRef = 9833D24820123BE600B6909B /* ProfileHeaderTableViewCell.swift */; };
		9833D24D20123C2100B6909B /* ProfileAssets.xcassets in Resources */ = {isa = PBXBuildFile; fileRef = 9833D24C20123C2100B6909B /* ProfileAssets.xcassets */; };
		9833D24F2012887B00B6909B /* AcceptsOrderViewController.swift in Sources */ = {isa = PBXBuildFile; fileRef = 9833D24E2012887B00B6909B /* AcceptsOrderViewController.swift */; };
		983467F72009634000C36CDC /* CreateChannelCell.swift in Sources */ = {isa = PBXBuildFile; fileRef = 983467F12009633D00C36CDC /* CreateChannelCell.swift */; };
		983467F82009634000C36CDC /* MyOrderTableViewCell.swift in Sources */ = {isa = PBXBuildFile; fileRef = 983467F22009633E00C36CDC /* MyOrderTableViewCell.swift */; };
		983467F92009634000C36CDC /* MyOrderPlaceHolderTableViewCell.swift in Sources */ = {isa = PBXBuildFile; fileRef = 983467F32009633F00C36CDC /* MyOrderPlaceHolderTableViewCell.swift */; };
		983467FB2009634000C36CDC /* MyOrdersViewController.swift in Sources */ = {isa = PBXBuildFile; fileRef = 983467F52009634000C36CDC /* MyOrdersViewController.swift */; };
		983468012009639500C36CDC /* NewOrderRequestRootClass.swift in Sources */ = {isa = PBXBuildFile; fileRef = 983467FD2009639400C36CDC /* NewOrderRequestRootClass.swift */; };
		983468022009639500C36CDC /* Orderdata.swift in Sources */ = {isa = PBXBuildFile; fileRef = 983467FE2009639400C36CDC /* Orderdata.swift */; };
		983468032009639500C36CDC /* Client.swift in Sources */ = {isa = PBXBuildFile; fileRef = 983467FF2009639500C36CDC /* Client.swift */; };
		983468042009639500C36CDC /* OrderRootClass.swift in Sources */ = {isa = PBXBuildFile; fileRef = 983468002009639500C36CDC /* OrderRootClass.swift */; };
		98346807200963C900C36CDC /* OrderViewModel.swift in Sources */ = {isa = PBXBuildFile; fileRef = 98346806200963C900C36CDC /* OrderViewModel.swift */; };
		983468092009683700C36CDC /* MowatheqData.swift in Sources */ = {isa = PBXBuildFile; fileRef = 983468082009683700C36CDC /* MowatheqData.swift */; };
		9834680E2009714700C36CDC /* TabBarAssets.xcassets in Resources */ = {isa = PBXBuildFile; fileRef = 9834680D2009714700C36CDC /* TabBarAssets.xcassets */; };
		983A4FFF2029136C00740826 /* PricesRootClass.swift in Sources */ = {isa = PBXBuildFile; fileRef = 983A4FFC2029136C00740826 /* PricesRootClass.swift */; };
		983A5003202913D500740826 /* PricesViewModel.swift in Sources */ = {isa = PBXBuildFile; fileRef = 983A5002202913D500740826 /* PricesViewModel.swift */; };
		983A50052029165100740826 /* WkalatType.swift in Sources */ = {isa = PBXBuildFile; fileRef = 983A50042029165100740826 /* WkalatType.swift */; };
		9852F5091FDDCD4A007B785C /* UploadProfissionalFilesViewController.swift in Sources */ = {isa = PBXBuildFile; fileRef = 9852F5081FDDCD4A007B785C /* UploadProfissionalFilesViewController.swift */; };
		985587E91FC6D882001AD5E5 /* plistReaderProtocol.swift in Sources */ = {isa = PBXBuildFile; fileRef = 985587E81FC6D882001AD5E5 /* plistReaderProtocol.swift */; };
		985587ED1FC6D8EA001AD5E5 /* ToastAlertProtocol.swift in Sources */ = {isa = PBXBuildFile; fileRef = 985587EC1FC6D8EA001AD5E5 /* ToastAlertProtocol.swift */; };
		985587EF1FC6D964001AD5E5 /* UIColorExtension.swift in Sources */ = {isa = PBXBuildFile; fileRef = 985587EE1FC6D964001AD5E5 /* UIColorExtension.swift */; };
		985587F11FC6DD19001AD5E5 /* LblWithTitleGenralCellProtocol.swift in Sources */ = {isa = PBXBuildFile; fileRef = 985587F01FC6DD19001AD5E5 /* LblWithTitleGenralCellProtocol.swift */; };
		985B36D2200C2948002F11B0 /* Message.swift in Sources */ = {isa = PBXBuildFile; fileRef = 985B36D1200C2948002F11B0 /* Message.swift */; };
		985B36D7200C2C3D002F11B0 /* ContactsManager.swift in Sources */ = {isa = PBXBuildFile; fileRef = 985B36D5200C2C3B002F11B0 /* ContactsManager.swift */; };
		985B36D8200C2C3D002F11B0 /* Helper Files.swift in Sources */ = {isa = PBXBuildFile; fileRef = 985B36D6200C2C3D002F11B0 /* Helper Files.swift */; };
		985B36DB200C2C49002F11B0 /* VCCells.swift in Sources */ = {isa = PBXBuildFile; fileRef = 985B36D9200C2C48002F11B0 /* VCCells.swift */; };
		985B36DC200C2C49002F11B0 /* ChatVC.swift in Sources */ = {isa = PBXBuildFile; fileRef = 985B36DA200C2C48002F11B0 /* ChatVC.swift */; };
		986516571FBA4E2B00551208 /* SettingsTableCell.swift in Sources */ = {isa = PBXBuildFile; fileRef = 986516561FBA4E2B00551208 /* SettingsTableCell.swift */; };
		986F54ED1FD0069500E9F842 /* NWConnectivity.swift in Sources */ = {isa = PBXBuildFile; fileRef = 986F54EC1FD0069500E9F842 /* NWConnectivity.swift */; };
		986F54EF1FD007AF00E9F842 /* NotificationExtension.swift in Sources */ = {isa = PBXBuildFile; fileRef = 986F54EE1FD007AF00E9F842 /* NotificationExtension.swift */; };
		9870B9FA1FB8CA38008E678B /* WatheqViewController.swift in Sources */ = {isa = PBXBuildFile; fileRef = 9870B9F91FB8CA38008E678B /* WatheqViewController.swift */; };
		9870B9FC1FB8CA51008E678B /* NotficationsViewController.swift in Sources */ = {isa = PBXBuildFile; fileRef = 9870B9FB1FB8CA51008E678B /* NotficationsViewController.swift */; };
		9870BA051FB8CEB3008E678B /* SettingsViewController.swift in Sources */ = {isa = PBXBuildFile; fileRef = 9870BA041FB8CEB3008E678B /* SettingsViewController.swift */; };
		9870BA121FB8D489008E678B /* Assets.xcassets in Resources */ = {isa = PBXBuildFile; fileRef = 9870BA111FB8D489008E678B /* Assets.xcassets */; };
		9883DF8A1FD56F2E008FC708 /* NSObject+RMArchivable.m in Sources */ = {isa = PBXBuildFile; fileRef = 9883DF831FD56F2D008FC708 /* NSObject+RMArchivable.m */; };
		9883DF8B1FD56F2E008FC708 /* NSUserDefaults+RMSaveCustomObject.m in Sources */ = {isa = PBXBuildFile; fileRef = 9883DF841FD56F2D008FC708 /* NSUserDefaults+RMSaveCustomObject.m */; };
		9883DF8C1FD56F2E008FC708 /* RMMapper.m in Sources */ = {isa = PBXBuildFile; fileRef = 9883DF851FD56F2D008FC708 /* RMMapper.m */; };
		9883DF8D1FD56F2E008FC708 /* NSObject+RMCopyable.m in Sources */ = {isa = PBXBuildFile; fileRef = 9883DF871FD56F2E008FC708 /* NSObject+RMCopyable.m */; };
		988942D61FC72074001B4F75 /* SettingsList.plist in Resources */ = {isa = PBXBuildFile; fileRef = 988942D81FC72074001B4F75 /* SettingsList.plist */; };
		988942DC1FC7230D001B4F75 /* DinNextMedium.ttf in Resources */ = {isa = PBXBuildFile; fileRef = 988942DA1FC7230B001B4F75 /* DinNextMedium.ttf */; };
		988942DD1FC7230D001B4F75 /* DinNextRegular.ttf in Resources */ = {isa = PBXBuildFile; fileRef = 988942DB1FC7230C001B4F75 /* DinNextRegular.ttf */; };
		988942E01FCA0F73001B4F75 /* country-codes.json in Resources */ = {isa = PBXBuildFile; fileRef = 988942DF1FCA0F73001B4F75 /* country-codes.json */; };
		988942E51FCA10E5001B4F75 /* JSONReader.swift in Sources */ = {isa = PBXBuildFile; fileRef = 988942E41FCA10E5001B4F75 /* JSONReader.swift */; };
		988942E91FCA123E001B4F75 /* View+Additions.swift in Sources */ = {isa = PBXBuildFile; fileRef = 988942E81FCA123E001B4F75 /* View+Additions.swift */; };
		988942ED1FCA12C2001B4F75 /* Country.swift in Sources */ = {isa = PBXBuildFile; fileRef = 988942EB1FCA12C2001B4F75 /* Country.swift */; };
		988942EE1FCA12C2001B4F75 /* Countries.swift in Sources */ = {isa = PBXBuildFile; fileRef = 988942EC1FCA12C2001B4F75 /* Countries.swift */; };
		988942F31FCA12FB001B4F75 /* CountryCodeListCell.xib in Resources */ = {isa = PBXBuildFile; fileRef = 988942EF1FCA12FA001B4F75 /* CountryCodeListCell.xib */; };
		988942F41FCA12FB001B4F75 /* CountryCodeListController.xib in Resources */ = {isa = PBXBuildFile; fileRef = 988942F01FCA12FA001B4F75 /* CountryCodeListController.xib */; };
		988942FB1FCA1321001B4F75 /* CountryCodeListController.swift in Sources */ = {isa = PBXBuildFile; fileRef = 988942F71FCA1320001B4F75 /* CountryCodeListController.swift */; };
		988942FC1FCA1321001B4F75 /* CountryCodeListCell.swift in Sources */ = {isa = PBXBuildFile; fileRef = 988942F81FCA1320001B4F75 /* CountryCodeListCell.swift */; };
		988942FD1FCA1321001B4F75 /* PhoneVerificationController.swift in Sources */ = {isa = PBXBuildFile; fileRef = 988942F91FCA1321001B4F75 /* PhoneVerificationController.swift */; };
		988942FE1FCA1321001B4F75 /* PhoneEntryController.swift in Sources */ = {isa = PBXBuildFile; fileRef = 988942FA1FCA1321001B4F75 /* PhoneEntryController.swift */; };
		988943001FCA19C8001B4F75 /* singleToneClassValues.swift in Sources */ = {isa = PBXBuildFile; fileRef = 988942FF1FCA19C8001B4F75 /* singleToneClassValues.swift */; };
		988943021FCA2B74001B4F75 /* LoginAssets.xcassets in Resources */ = {isa = PBXBuildFile; fileRef = 988943011FCA2B74001B4F75 /* LoginAssets.xcassets */; };
		989B46011FB8D9E200618519 /* Localizable.strings in Resources */ = {isa = PBXBuildFile; fileRef = 989B46031FB8D9E200618519 /* Localizable.strings */; };
		989B46081FB8DB8800618519 /* Language.swift in Sources */ = {isa = PBXBuildFile; fileRef = 989B45FD1FB8D9B400618519 /* Language.swift */; };
		989B46091FB8DB8C00618519 /* Localizer.swift in Sources */ = {isa = PBXBuildFile; fileRef = 989B45FE1FB8D9B400618519 /* Localizer.swift */; };
		989B460A1FB8DB9000618519 /* Constants.swift in Sources */ = {isa = PBXBuildFile; fileRef = 989B46061FB8DA2600618519 /* Constants.swift */; };
		989B460B1FB8DB9B00618519 /* RefreshAppProtocol.swift in Sources */ = {isa = PBXBuildFile; fileRef = 989B46071FB8DA8D00618519 /* RefreshAppProtocol.swift */; };
		98D00E29200941B4000F7356 /* GoogleService-Info.plist in Resources */ = {isa = PBXBuildFile; fileRef = 98D00E28200941B3000F7356 /* GoogleService-Info.plist */; };
		98D00E2B200948D4000F7356 /* CurrentLocationViewController.swift in Sources */ = {isa = PBXBuildFile; fileRef = 98D00E2A200948D4000F7356 /* CurrentLocationViewController.swift */; };
		98DDA1491FB797E500B8F42F /* AppDelegate.swift in Sources */ = {isa = PBXBuildFile; fileRef = 98DDA1481FB797E500B8F42F /* AppDelegate.swift */; };
		98DDA1501FB797E500B8F42F /* Main.storyboard in Resources */ = {isa = PBXBuildFile; fileRef = 98DDA14E1FB797E500B8F42F /* Main.storyboard */; };
		98DDA1551FB797E500B8F42F /* LaunchScreen.storyboard in Resources */ = {isa = PBXBuildFile; fileRef = 98DDA1531FB797E500B8F42F /* LaunchScreen.storyboard */; };
/* End PBXBuildFile section */

/* Begin PBXFileReference section */
		58BA95527BC7C292D3B3C383 /* Pods_WathaqLawyer.framework */ = {isa = PBXFileReference; explicitFileType = wrapper.framework; includeInIndex = 0; path = Pods_WathaqLawyer.framework; sourceTree = BUILT_PRODUCTS_DIR; };
		982416C71FC4D15900080DE9 /* EmptyDataAssets.xcassets */ = {isa = PBXFileReference; lastKnownFileType = folder.assetcatalog; path = EmptyDataAssets.xcassets; sourceTree = "<group>"; };
		982416CC1FC4D93100080DE9 /* AbstractViewController.swift */ = {isa = PBXFileReference; fileEncoding = 4; lastKnownFileType = sourcecode.swift; path = AbstractViewController.swift; sourceTree = "<group>"; };
		9825892A20155C5B00B701EB /* WebViewController.swift */ = {isa = PBXFileReference; lastKnownFileType = sourcecode.swift; path = WebViewController.swift; sourceTree = "<group>"; };
		9825C2FF1FD1CCD300FE93E3 /* WatheqApi.swift */ = {isa = PBXFileReference; lastKnownFileType = sourcecode.swift; path = WatheqApi.swift; sourceTree = "<group>"; };
		9825C3011FD1DD2400FE93E3 /* NetworkHandler.swift */ = {isa = PBXFileReference; fileEncoding = 4; lastKnownFileType = sourcecode.swift; path = NetworkHandler.swift; sourceTree = "<group>"; };
		9825C3031FD1DDA100FE93E3 /* DefaultAlamofireManager.swift */ = {isa = PBXFileReference; fileEncoding = 4; lastKnownFileType = sourcecode.swift; path = DefaultAlamofireManager.swift; sourceTree = "<group>"; };
		9825C3081FD1DFD200FE93E3 /* User.swift */ = {isa = PBXFileReference; fileEncoding = 4; lastKnownFileType = sourcecode.swift; path = User.swift; sourceTree = "<group>"; };
		9825C30B1FD1E2F500FE93E3 /* UserViewModel.swift */ = {isa = PBXFileReference; fileEncoding = 4; lastKnownFileType = sourcecode.swift; path = UserViewModel.swift; sourceTree = "<group>"; };
		9826F7042013CCAD0049363F /* AcceptOrderRootClass.swift */ = {isa = PBXFileReference; lastKnownFileType = sourcecode.swift; path = AcceptOrderRootClass.swift; sourceTree = "<group>"; };
		9826F7062013D4780049363F /* Category.swift */ = {isa = PBXFileReference; fileEncoding = 4; lastKnownFileType = sourcecode.swift; path = Category.swift; sourceTree = "<group>"; };
		9826F7082013D7020049363F /* Sub.swift */ = {isa = PBXFileReference; fileEncoding = 4; lastKnownFileType = sourcecode.swift; path = Sub.swift; sourceTree = "<group>"; };
		9826F70B201404B90049363F /* NotificationRootClass.swift */ = {isa = PBXFileReference; fileEncoding = 4; lastKnownFileType = sourcecode.swift; path = NotificationRootClass.swift; sourceTree = "<group>"; };
		9826F70C201404BA0049363F /* NotificationData.swift */ = {isa = PBXFileReference; fileEncoding = 4; lastKnownFileType = sourcecode.swift; path = NotificationData.swift; sourceTree = "<group>"; };
		9826F710201407690049363F /* NotificationViewModel.swift */ = {isa = PBXFileReference; lastKnownFileType = sourcecode.swift; path = NotificationViewModel.swift; sourceTree = "<group>"; };
		982B5D371FCB4C840028092E /* PhoneNumberTableViewCell.swift */ = {isa = PBXFileReference; lastKnownFileType = sourcecode.swift; path = PhoneNumberTableViewCell.swift; sourceTree = "<group>"; };
		982B5D391FCB528A0028092E /* phoneVerificationTableViewCell.swift */ = {isa = PBXFileReference; lastKnownFileType = sourcecode.swift; path = phoneVerificationTableViewCell.swift; sourceTree = "<group>"; };
		982C682C1FCEF2DC0090F5F6 /* CompleteProfileViewController.swift */ = {isa = PBXFileReference; lastKnownFileType = sourcecode.swift; path = CompleteProfileViewController.swift; sourceTree = "<group>"; };
		982DF1FC1FD40DC000E4A8EA /* UserRootClass.swift */ = {isa = PBXFileReference; fileEncoding = 4; lastKnownFileType = sourcecode.swift; path = UserRootClass.swift; sourceTree = "<group>"; };
		982F2CAE200FD4AA003276EE /* PriceTableViewCell.swift */ = {isa = PBXFileReference; lastKnownFileType = sourcecode.swift; path = PriceTableViewCell.swift; sourceTree = "<group>"; };
		982F2CB0200FD4BF003276EE /* PricePlaceHolderTableViewCell.swift */ = {isa = PBXFileReference; lastKnownFileType = sourcecode.swift; path = PricePlaceHolderTableViewCell.swift; sourceTree = "<group>"; };
		983308F92031E90400768A3A /* ContactusDetailsTableViewCell.swift */ = {isa = PBXFileReference; fileEncoding = 4; lastKnownFileType = sourcecode.swift; path = ContactusDetailsTableViewCell.swift; sourceTree = "<group>"; };
		983308FA2031E90500768A3A /* ContactUsViewController.swift */ = {isa = PBXFileReference; fileEncoding = 4; lastKnownFileType = sourcecode.swift; path = ContactUsViewController.swift; sourceTree = "<group>"; };
		983308FD2031E97F00768A3A /* AddressLocationTableViewCell.swift */ = {isa = PBXFileReference; fileEncoding = 4; lastKnownFileType = sourcecode.swift; path = AddressLocationTableViewCell.swift; sourceTree = "<group>"; };
		983308FF2031ED5800768A3A /* CreateOrderTableViewCell.swift */ = {isa = PBXFileReference; fileEncoding = 4; lastKnownFileType = sourcecode.swift; path = CreateOrderTableViewCell.swift; sourceTree = "<group>"; };
		98337A061FCC334B00EE7539 /* TimerTableViewCell.swift */ = {isa = PBXFileReference; lastKnownFileType = sourcecode.swift; path = TimerTableViewCell.swift; sourceTree = "<group>"; };
		9833D24620123BE500B6909B /* ProfileHeaderView.swift */ = {isa = PBXFileReference; fileEncoding = 4; lastKnownFileType = sourcecode.swift; path = ProfileHeaderView.swift; sourceTree = "<group>"; };
		9833D24720123BE600B6909B /* ProfileViewController.swift */ = {isa = PBXFileReference; fileEncoding = 4; lastKnownFileType = sourcecode.swift; path = ProfileViewController.swift; sourceTree = "<group>"; };
		9833D24820123BE600B6909B /* ProfileHeaderTableViewCell.swift */ = {isa = PBXFileReference; fileEncoding = 4; lastKnownFileType = sourcecode.swift; path = ProfileHeaderTableViewCell.swift; sourceTree = "<group>"; };
		9833D24C20123C2100B6909B /* ProfileAssets.xcassets */ = {isa = PBXFileReference; lastKnownFileType = folder.assetcatalog; path = ProfileAssets.xcassets; sourceTree = "<group>"; };
		9833D24E2012887B00B6909B /* AcceptsOrderViewController.swift */ = {isa = PBXFileReference; lastKnownFileType = sourcecode.swift; path = AcceptsOrderViewController.swift; sourceTree = "<group>"; };
		983467F12009633D00C36CDC /* CreateChannelCell.swift */ = {isa = PBXFileReference; fileEncoding = 4; lastKnownFileType = sourcecode.swift; path = CreateChannelCell.swift; sourceTree = "<group>"; };
		983467F22009633E00C36CDC /* MyOrderTableViewCell.swift */ = {isa = PBXFileReference; fileEncoding = 4; lastKnownFileType = sourcecode.swift; path = MyOrderTableViewCell.swift; sourceTree = "<group>"; };
		983467F32009633F00C36CDC /* MyOrderPlaceHolderTableViewCell.swift */ = {isa = PBXFileReference; fileEncoding = 4; lastKnownFileType = sourcecode.swift; path = MyOrderPlaceHolderTableViewCell.swift; sourceTree = "<group>"; };
		983467F52009634000C36CDC /* MyOrdersViewController.swift */ = {isa = PBXFileReference; fileEncoding = 4; lastKnownFileType = sourcecode.swift; path = MyOrdersViewController.swift; sourceTree = "<group>"; };
		983467FD2009639400C36CDC /* NewOrderRequestRootClass.swift */ = {isa = PBXFileReference; fileEncoding = 4; lastKnownFileType = sourcecode.swift; path = NewOrderRequestRootClass.swift; sourceTree = "<group>"; };
		983467FE2009639400C36CDC /* Orderdata.swift */ = {isa = PBXFileReference; fileEncoding = 4; lastKnownFileType = sourcecode.swift; path = Orderdata.swift; sourceTree = "<group>"; };
		983467FF2009639500C36CDC /* Client.swift */ = {isa = PBXFileReference; fileEncoding = 4; lastKnownFileType = sourcecode.swift; path = Client.swift; sourceTree = "<group>"; };
		983468002009639500C36CDC /* OrderRootClass.swift */ = {isa = PBXFileReference; fileEncoding = 4; lastKnownFileType = sourcecode.swift; path = OrderRootClass.swift; sourceTree = "<group>"; };
		98346806200963C900C36CDC /* OrderViewModel.swift */ = {isa = PBXFileReference; fileEncoding = 4; lastKnownFileType = sourcecode.swift; path = OrderViewModel.swift; sourceTree = "<group>"; };
		983468082009683700C36CDC /* MowatheqData.swift */ = {isa = PBXFileReference; fileEncoding = 4; lastKnownFileType = sourcecode.swift; path = MowatheqData.swift; sourceTree = "<group>"; };
		9834680D2009714700C36CDC /* TabBarAssets.xcassets */ = {isa = PBXFileReference; lastKnownFileType = folder.assetcatalog; path = TabBarAssets.xcassets; sourceTree = "<group>"; };
		983A4FFC2029136C00740826 /* PricesRootClass.swift */ = {isa = PBXFileReference; fileEncoding = 4; lastKnownFileType = sourcecode.swift; path = PricesRootClass.swift; sourceTree = "<group>"; };
		983A5002202913D500740826 /* PricesViewModel.swift */ = {isa = PBXFileReference; lastKnownFileType = sourcecode.swift; path = PricesViewModel.swift; sourceTree = "<group>"; };
		983A50042029165100740826 /* WkalatType.swift */ = {isa = PBXFileReference; fileEncoding = 4; lastKnownFileType = sourcecode.swift; path = WkalatType.swift; sourceTree = "<group>"; };
		9852F5081FDDCD4A007B785C /* UploadProfissionalFilesViewController.swift */ = {isa = PBXFileReference; lastKnownFileType = sourcecode.swift; path = UploadProfissionalFilesViewController.swift; sourceTree = "<group>"; };
		985587E81FC6D882001AD5E5 /* plistReaderProtocol.swift */ = {isa = PBXFileReference; fileEncoding = 4; lastKnownFileType = sourcecode.swift; path = plistReaderProtocol.swift; sourceTree = "<group>"; };
		985587EC1FC6D8EA001AD5E5 /* ToastAlertProtocol.swift */ = {isa = PBXFileReference; fileEncoding = 4; lastKnownFileType = sourcecode.swift; path = ToastAlertProtocol.swift; sourceTree = "<group>"; };
		985587EE1FC6D964001AD5E5 /* UIColorExtension.swift */ = {isa = PBXFileReference; fileEncoding = 4; lastKnownFileType = sourcecode.swift; path = UIColorExtension.swift; sourceTree = "<group>"; };
		985587F01FC6DD19001AD5E5 /* LblWithTitleGenralCellProtocol.swift */ = {isa = PBXFileReference; fileEncoding = 4; lastKnownFileType = sourcecode.swift; path = LblWithTitleGenralCellProtocol.swift; sourceTree = "<group>"; };
		985587F61FC6F24B001AD5E5 /* Info.plist */ = {isa = PBXFileReference; fileEncoding = 4; lastKnownFileType = text.plist.xml; path = Info.plist; sourceTree = "<group>"; };
		985B36D1200C2948002F11B0 /* Message.swift */ = {isa = PBXFileReference; fileEncoding = 4; lastKnownFileType = sourcecode.swift; path = Message.swift; sourceTree = "<group>"; };
		985B36D5200C2C3B002F11B0 /* ContactsManager.swift */ = {isa = PBXFileReference; fileEncoding = 4; lastKnownFileType = sourcecode.swift; path = ContactsManager.swift; sourceTree = "<group>"; };
		985B36D6200C2C3D002F11B0 /* Helper Files.swift */ = {isa = PBXFileReference; fileEncoding = 4; lastKnownFileType = sourcecode.swift; path = "Helper Files.swift"; sourceTree = "<group>"; };
		985B36D9200C2C48002F11B0 /* VCCells.swift */ = {isa = PBXFileReference; fileEncoding = 4; lastKnownFileType = sourcecode.swift; path = VCCells.swift; sourceTree = "<group>"; };
		985B36DA200C2C48002F11B0 /* ChatVC.swift */ = {isa = PBXFileReference; fileEncoding = 4; lastKnownFileType = sourcecode.swift; path = ChatVC.swift; sourceTree = "<group>"; };
		986516561FBA4E2B00551208 /* SettingsTableCell.swift */ = {isa = PBXFileReference; lastKnownFileType = sourcecode.swift; path = SettingsTableCell.swift; sourceTree = "<group>"; };
		986F54EC1FD0069500E9F842 /* NWConnectivity.swift */ = {isa = PBXFileReference; fileEncoding = 4; lastKnownFileType = sourcecode.swift; path = NWConnectivity.swift; sourceTree = "<group>"; };
		986F54EE1FD007AF00E9F842 /* NotificationExtension.swift */ = {isa = PBXFileReference; fileEncoding = 4; lastKnownFileType = sourcecode.swift; path = NotificationExtension.swift; sourceTree = "<group>"; };
		9870B9F61FB8C7CB008E678B /* ar */ = {isa = PBXFileReference; lastKnownFileType = text.plist.strings; name = ar; path = ar.lproj/LaunchScreen.strings; sourceTree = "<group>"; };
		9870B9F91FB8CA38008E678B /* WatheqViewController.swift */ = {isa = PBXFileReference; lastKnownFileType = sourcecode.swift; path = WatheqViewController.swift; sourceTree = "<group>"; };
		9870B9FB1FB8CA51008E678B /* NotficationsViewController.swift */ = {isa = PBXFileReference; lastKnownFileType = sourcecode.swift; path = NotficationsViewController.swift; sourceTree = "<group>"; };
		9870BA041FB8CEB3008E678B /* SettingsViewController.swift */ = {isa = PBXFileReference; lastKnownFileType = sourcecode.swift; path = SettingsViewController.swift; sourceTree = "<group>"; };
		9870BA111FB8D489008E678B /* Assets.xcassets */ = {isa = PBXFileReference; lastKnownFileType = folder.assetcatalog; path = Assets.xcassets; sourceTree = "<group>"; };
		9883DF811FD56F2C008FC708 /* Wathaq-Bridging-Header.h */ = {isa = PBXFileReference; lastKnownFileType = sourcecode.c.h; path = "Wathaq-Bridging-Header.h"; sourceTree = "<group>"; };
		9883DF821FD56F2D008FC708 /* NSObject+RMArchivable.h */ = {isa = PBXFileReference; fileEncoding = 4; lastKnownFileType = sourcecode.c.h; path = "NSObject+RMArchivable.h"; sourceTree = "<group>"; };
		9883DF831FD56F2D008FC708 /* NSObject+RMArchivable.m */ = {isa = PBXFileReference; fileEncoding = 4; lastKnownFileType = sourcecode.c.objc; path = "NSObject+RMArchivable.m"; sourceTree = "<group>"; };
		9883DF841FD56F2D008FC708 /* NSUserDefaults+RMSaveCustomObject.m */ = {isa = PBXFileReference; fileEncoding = 4; lastKnownFileType = sourcecode.c.objc; path = "NSUserDefaults+RMSaveCustomObject.m"; sourceTree = "<group>"; };
		9883DF851FD56F2D008FC708 /* RMMapper.m */ = {isa = PBXFileReference; fileEncoding = 4; lastKnownFileType = sourcecode.c.objc; path = RMMapper.m; sourceTree = "<group>"; };
		9883DF861FD56F2E008FC708 /* NSObject+RMCopyable.h */ = {isa = PBXFileReference; fileEncoding = 4; lastKnownFileType = sourcecode.c.h; path = "NSObject+RMCopyable.h"; sourceTree = "<group>"; };
		9883DF871FD56F2E008FC708 /* NSObject+RMCopyable.m */ = {isa = PBXFileReference; fileEncoding = 4; lastKnownFileType = sourcecode.c.objc; path = "NSObject+RMCopyable.m"; sourceTree = "<group>"; };
		9883DF881FD56F2E008FC708 /* NSUserDefaults+RMSaveCustomObject.h */ = {isa = PBXFileReference; fileEncoding = 4; lastKnownFileType = sourcecode.c.h; path = "NSUserDefaults+RMSaveCustomObject.h"; sourceTree = "<group>"; };
		9883DF891FD56F2E008FC708 /* RMMapper.h */ = {isa = PBXFileReference; fileEncoding = 4; lastKnownFileType = sourcecode.c.h; path = RMMapper.h; sourceTree = "<group>"; };
		988942D71FC72074001B4F75 /* en */ = {isa = PBXFileReference; lastKnownFileType = text.plist.xml; name = en; path = en.lproj/SettingsList.plist; sourceTree = "<group>"; };
		988942DA1FC7230B001B4F75 /* DinNextMedium.ttf */ = {isa = PBXFileReference; lastKnownFileType = file; path = DinNextMedium.ttf; sourceTree = "<group>"; };
		988942DB1FC7230C001B4F75 /* DinNextRegular.ttf */ = {isa = PBXFileReference; lastKnownFileType = file; path = DinNextRegular.ttf; sourceTree = "<group>"; };
		988942DF1FCA0F73001B4F75 /* country-codes.json */ = {isa = PBXFileReference; fileEncoding = 4; lastKnownFileType = text.json; path = "country-codes.json"; sourceTree = "<group>"; };
		988942E11FCA0F8C001B4F75 /* Wathaq.entitlements */ = {isa = PBXFileReference; lastKnownFileType = text.plist.entitlements; path = Wathaq.entitlements; sourceTree = "<group>"; };
		988942E41FCA10E5001B4F75 /* JSONReader.swift */ = {isa = PBXFileReference; fileEncoding = 4; lastKnownFileType = sourcecode.swift; path = JSONReader.swift; sourceTree = "<group>"; };
		988942E81FCA123E001B4F75 /* View+Additions.swift */ = {isa = PBXFileReference; fileEncoding = 4; lastKnownFileType = sourcecode.swift; path = "View+Additions.swift"; sourceTree = "<group>"; };
		988942EB1FCA12C2001B4F75 /* Country.swift */ = {isa = PBXFileReference; fileEncoding = 4; lastKnownFileType = sourcecode.swift; path = Country.swift; sourceTree = "<group>"; };
		988942EC1FCA12C2001B4F75 /* Countries.swift */ = {isa = PBXFileReference; fileEncoding = 4; lastKnownFileType = sourcecode.swift; path = Countries.swift; sourceTree = "<group>"; };
		988942EF1FCA12FA001B4F75 /* CountryCodeListCell.xib */ = {isa = PBXFileReference; fileEncoding = 4; lastKnownFileType = file.xib; path = CountryCodeListCell.xib; sourceTree = "<group>"; };
		988942F01FCA12FA001B4F75 /* CountryCodeListController.xib */ = {isa = PBXFileReference; fileEncoding = 4; lastKnownFileType = file.xib; path = CountryCodeListController.xib; sourceTree = "<group>"; };
		988942F71FCA1320001B4F75 /* CountryCodeListController.swift */ = {isa = PBXFileReference; fileEncoding = 4; lastKnownFileType = sourcecode.swift; path = CountryCodeListController.swift; sourceTree = "<group>"; };
		988942F81FCA1320001B4F75 /* CountryCodeListCell.swift */ = {isa = PBXFileReference; fileEncoding = 4; lastKnownFileType = sourcecode.swift; path = CountryCodeListCell.swift; sourceTree = "<group>"; };
		988942F91FCA1321001B4F75 /* PhoneVerificationController.swift */ = {isa = PBXFileReference; fileEncoding = 4; lastKnownFileType = sourcecode.swift; path = PhoneVerificationController.swift; sourceTree = "<group>"; };
		988942FA1FCA1321001B4F75 /* PhoneEntryController.swift */ = {isa = PBXFileReference; fileEncoding = 4; lastKnownFileType = sourcecode.swift; path = PhoneEntryController.swift; sourceTree = "<group>"; };
		988942FF1FCA19C8001B4F75 /* singleToneClassValues.swift */ = {isa = PBXFileReference; fileEncoding = 4; lastKnownFileType = sourcecode.swift; path = singleToneClassValues.swift; sourceTree = "<group>"; };
		988943011FCA2B74001B4F75 /* LoginAssets.xcassets */ = {isa = PBXFileReference; lastKnownFileType = folder.assetcatalog; path = LoginAssets.xcassets; sourceTree = "<group>"; };
		989B45FD1FB8D9B400618519 /* Language.swift */ = {isa = PBXFileReference; lastKnownFileType = sourcecode.swift; path = Language.swift; sourceTree = "<group>"; };
		989B45FE1FB8D9B400618519 /* Localizer.swift */ = {isa = PBXFileReference; lastKnownFileType = sourcecode.swift; path = Localizer.swift; sourceTree = "<group>"; };
		989B46021FB8D9E200618519 /* en */ = {isa = PBXFileReference; lastKnownFileType = text.plist.strings; name = en; path = en.lproj/Localizable.strings; sourceTree = "<group>"; };
		989B46041FB8D9E400618519 /* ar */ = {isa = PBXFileReference; lastKnownFileType = text.plist.strings; name = ar; path = ar.lproj/Localizable.strings; sourceTree = "<group>"; };
		989B46061FB8DA2600618519 /* Constants.swift */ = {isa = PBXFileReference; lastKnownFileType = sourcecode.swift; path = Constants.swift; sourceTree = "<group>"; };
		989B46071FB8DA8D00618519 /* RefreshAppProtocol.swift */ = {isa = PBXFileReference; lastKnownFileType = sourcecode.swift; path = RefreshAppProtocol.swift; sourceTree = "<group>"; };
		98D00E28200941B3000F7356 /* GoogleService-Info.plist */ = {isa = PBXFileReference; fileEncoding = 4; lastKnownFileType = text.plist.xml; path = "GoogleService-Info.plist"; sourceTree = "<group>"; };
		98D00E2A200948D4000F7356 /* CurrentLocationViewController.swift */ = {isa = PBXFileReference; fileEncoding = 4; lastKnownFileType = sourcecode.swift; path = CurrentLocationViewController.swift; sourceTree = "<group>"; };
		98DDA1451FB797E500B8F42F /* تطبيق الموثق.app */ = {isa = PBXFileReference; explicitFileType = wrapper.application; includeInIndex = 0; path = "تطبيق الموثق.app"; sourceTree = BUILT_PRODUCTS_DIR; };
		98DDA1481FB797E500B8F42F /* AppDelegate.swift */ = {isa = PBXFileReference; lastKnownFileType = sourcecode.swift; path = AppDelegate.swift; sourceTree = "<group>"; };
		98DDA14F1FB797E500B8F42F /* Base */ = {isa = PBXFileReference; lastKnownFileType = file.storyboard; name = Base; path = Base.lproj/Main.storyboard; sourceTree = "<group>"; };
		98DDA1541FB797E500B8F42F /* Base */ = {isa = PBXFileReference; lastKnownFileType = file.storyboard; name = Base; path = Base.lproj/LaunchScreen.storyboard; sourceTree = "<group>"; };
		D0B5F7766D05DE86D3BE7140 /* Pods-Wathaq.release.xcconfig */ = {isa = PBXFileReference; includeInIndex = 1; lastKnownFileType = text.xcconfig; name = "Pods-Wathaq.release.xcconfig"; path = "Pods/Target Support Files/Pods-Wathaq/Pods-Wathaq.release.xcconfig"; sourceTree = "<group>"; };
		DB39FEA0487F062427B2390B /* Pods-WathaqLawyer.release.xcconfig */ = {isa = PBXFileReference; includeInIndex = 1; lastKnownFileType = text.xcconfig; name = "Pods-WathaqLawyer.release.xcconfig"; path = "Pods/Target Support Files/Pods-WathaqLawyer/Pods-WathaqLawyer.release.xcconfig"; sourceTree = "<group>"; };
		EB32E8E55D341A9407C31664 /* Pods-WathaqLawyer.debug.xcconfig */ = {isa = PBXFileReference; includeInIndex = 1; lastKnownFileType = text.xcconfig; name = "Pods-WathaqLawyer.debug.xcconfig"; path = "Pods/Target Support Files/Pods-WathaqLawyer/Pods-WathaqLawyer.debug.xcconfig"; sourceTree = "<group>"; };
		F63EA2BCA8CDE8EAE92B989D /* Pods-Wathaq.debug.xcconfig */ = {isa = PBXFileReference; includeInIndex = 1; lastKnownFileType = text.xcconfig; name = "Pods-Wathaq.debug.xcconfig"; path = "Pods/Target Support Files/Pods-Wathaq/Pods-Wathaq.debug.xcconfig"; sourceTree = "<group>"; };
/* End PBXFileReference section */

/* Begin PBXFrameworksBuildPhase section */
		98DDA1421FB797E500B8F42F /* Frameworks */ = {
			isa = PBXFrameworksBuildPhase;
			buildActionMask = 2147483647;
			files = (
				12E62555CC89654C5A1E43F1 /* Pods_WathaqLawyer.framework in Frameworks */,
			);
			runOnlyForDeploymentPostprocessing = 0;
		};
/* End PBXFrameworksBuildPhase section */

/* Begin PBXGroup section */
		14E193804513A5321D258CF1 /* Pods */ = {
			isa = PBXGroup;
			children = (
				F63EA2BCA8CDE8EAE92B989D /* Pods-Wathaq.debug.xcconfig */,
				D0B5F7766D05DE86D3BE7140 /* Pods-Wathaq.release.xcconfig */,
				EB32E8E55D341A9407C31664 /* Pods-WathaqLawyer.debug.xcconfig */,
				DB39FEA0487F062427B2390B /* Pods-WathaqLawyer.release.xcconfig */,
			);
			name = Pods;
			sourceTree = "<group>";
		};
		3923759A425BAC3D12F811E1 /* Frameworks */ = {
			isa = PBXGroup;
			children = (
				58BA95527BC7C292D3B3C383 /* Pods_WathaqLawyer.framework */,
			);
			name = Frameworks;
			sourceTree = "<group>";
		};
		982416C91FC4D7FD00080DE9 /* BaseClass */ = {
			isa = PBXGroup;
			children = (
				988942FF1FCA19C8001B4F75 /* singleToneClassValues.swift */,
				982416CC1FC4D93100080DE9 /* AbstractViewController.swift */,
			);
			path = BaseClass;
			sourceTree = "<group>";
		};
		9825C3051FD1DE0D00FE93E3 /* User */ = {
			isa = PBXGroup;
			children = (
				982DF1FC1FD40DC000E4A8EA /* UserRootClass.swift */,
				9825C3081FD1DFD200FE93E3 /* User.swift */,
			);
			name = User;
			sourceTree = "<group>";
		};
		9825C30A1FD1E2C000FE93E3 /* userViewModel */ = {
			isa = PBXGroup;
			children = (
				9825C30B1FD1E2F500FE93E3 /* UserViewModel.swift */,
			);
			name = userViewModel;
			sourceTree = "<group>";
		};
		9826F70A201404A50049363F /* Notification */ = {
			isa = PBXGroup;
			children = (
				9826F70C201404BA0049363F /* NotificationData.swift */,
				9826F70B201404B90049363F /* NotificationRootClass.swift */,
			);
			path = Notification;
			sourceTree = "<group>";
		};
		9826F70F2014074E0049363F /* NotificationViewModel */ = {
			isa = PBXGroup;
			children = (
				9826F710201407690049363F /* NotificationViewModel.swift */,
			);
			name = NotificationViewModel;
			sourceTree = "<group>";
		};
		982C682B1FCEF2BF0090F5F6 /* CompleteProfile */ = {
			isa = PBXGroup;
			children = (
				98D00E2A200948D4000F7356 /* CurrentLocationViewController.swift */,
				982C682C1FCEF2DC0090F5F6 /* CompleteProfileViewController.swift */,
				9852F5081FDDCD4A007B785C /* UploadProfissionalFilesViewController.swift */,
			);
			name = CompleteProfile;
			sourceTree = "<group>";
		};
		983308F82031E8F300768A3A /* ContactUs */ = {
			isa = PBXGroup;
			children = (
				983308F92031E90400768A3A /* ContactusDetailsTableViewCell.swift */,
				983308FA2031E90500768A3A /* ContactUsViewController.swift */,
				983308FD2031E97F00768A3A /* AddressLocationTableViewCell.swift */,
				983308FF2031ED5800768A3A /* CreateOrderTableViewCell.swift */,
			);
			path = ContactUs;
			sourceTree = "<group>";
		};
		983467FC2009637F00C36CDC /* Order */ = {
			isa = PBXGroup;
			children = (
				9826F7082013D7020049363F /* Sub.swift */,
				9826F7062013D4780049363F /* Category.swift */,
				983467FD2009639400C36CDC /* NewOrderRequestRootClass.swift */,
				983467FF2009639500C36CDC /* Client.swift */,
				983467FE2009639400C36CDC /* Orderdata.swift */,
				9826F7042013CCAD0049363F /* AcceptOrderRootClass.swift */,
				983468002009639500C36CDC /* OrderRootClass.swift */,
				983468082009683700C36CDC /* MowatheqData.swift */,
			);
			path = Order;
			sourceTree = "<group>";
		};
		98346805200963BE00C36CDC /* Order */ = {
			isa = PBXGroup;
			children = (
				98346806200963C900C36CDC /* OrderViewModel.swift */,
			);
			name = Order;
			sourceTree = "<group>";
		};
		9834680A2009685700C36CDC /* MowatheqViewModel */ = {
			isa = PBXGroup;
			children = (
			);
			name = MowatheqViewModel;
			sourceTree = "<group>";
		};
		983A4FFA2029135900740826 /* Prices */ = {
			isa = PBXGroup;
			children = (
				983A50042029165100740826 /* WkalatType.swift */,
				983A4FFC2029136C00740826 /* PricesRootClass.swift */,
			);
			path = Prices;
			sourceTree = "<group>";
		};
		983A5001202913A000740826 /* PricesViewModel */ = {
			isa = PBXGroup;
			children = (
				983A5002202913D500740826 /* PricesViewModel.swift */,
			);
			name = PricesViewModel;
			sourceTree = "<group>";
		};
		985587DE1FC6C2C4001AD5E5 /* Login */ = {
			isa = PBXGroup;
			children = (
				988942FA1FCA1321001B4F75 /* PhoneEntryController.swift */,
				988942F91FCA1321001B4F75 /* PhoneVerificationController.swift */,
				988942F81FCA1320001B4F75 /* CountryCodeListCell.swift */,
				988942F71FCA1320001B4F75 /* CountryCodeListController.swift */,
				982B5D371FCB4C840028092E /* PhoneNumberTableViewCell.swift */,
				982B5D391FCB528A0028092E /* phoneVerificationTableViewCell.swift */,
				98337A061FCC334B00EE7539 /* TimerTableViewCell.swift */,
			);
			path = Login;
			sourceTree = "<group>";
		};
		985587F21FC6F21B001AD5E5 /* Resources */ = {
			isa = PBXGroup;
			children = (
				98D00E28200941B3000F7356 /* GoogleService-Info.plist */,
				985587F61FC6F24B001AD5E5 /* Info.plist */,
				988942DF1FCA0F73001B4F75 /* country-codes.json */,
				988942D81FC72074001B4F75 /* SettingsList.plist */,
				988942DE1FC72312001B4F75 /* Fonts */,
			);
			name = Resources;
			sourceTree = "<group>";
		};
		985B36D0200C292E002F11B0 /* Messages */ = {
			isa = PBXGroup;
			children = (
				985B36D1200C2948002F11B0 /* Message.swift */,
			);
			path = Messages;
			sourceTree = "<group>";
		};
		985B36D3200C2C20002F11B0 /* Chat */ = {
			isa = PBXGroup;
			children = (
				985B36DA200C2C48002F11B0 /* ChatVC.swift */,
				985B36D9200C2C48002F11B0 /* VCCells.swift */,
				985B36D4200C2C2F002F11B0 /* Helper files */,
			);
			name = Chat;
			sourceTree = "<group>";
		};
		985B36D4200C2C2F002F11B0 /* Helper files */ = {
			isa = PBXGroup;
			children = (
				985B36D5200C2C3B002F11B0 /* ContactsManager.swift */,
				985B36D6200C2C3D002F11B0 /* Helper Files.swift */,
			);
			path = "Helper files";
			sourceTree = "<group>";
		};
		986F54EB1FD0068800E9F842 /* NWConnectivity */ = {
			isa = PBXGroup;
			children = (
				986F54EC1FD0069500E9F842 /* NWConnectivity.swift */,
			);
			path = NWConnectivity;
			sourceTree = "<group>";
		};
		9870B9FF1FB8CDE5008E678B /* MyOrders */ = {
			isa = PBXGroup;
			children = (
				983467F52009634000C36CDC /* MyOrdersViewController.swift */,
				983467F22009633E00C36CDC /* MyOrderTableViewCell.swift */,
				983467F12009633D00C36CDC /* CreateChannelCell.swift */,
				983467F32009633F00C36CDC /* MyOrderPlaceHolderTableViewCell.swift */,
				9833D24E2012887B00B6909B /* AcceptsOrderViewController.swift */,
			);
			path = MyOrders;
			sourceTree = "<group>";
		};
		9870BA001FB8CDF6008E678B /* Watheq */ = {
			isa = PBXGroup;
			children = (
				9870B9F91FB8CA38008E678B /* WatheqViewController.swift */,
				982F2CAE200FD4AA003276EE /* PriceTableViewCell.swift */,
				982F2CB0200FD4BF003276EE /* PricePlaceHolderTableViewCell.swift */,
				985B36D3200C2C20002F11B0 /* Chat */,
			);
			path = Watheq;
			sourceTree = "<group>";
		};
		9870BA011FB8CE07008E678B /* Notification */ = {
			isa = PBXGroup;
			children = (
				9870B9FB1FB8CA51008E678B /* NotficationsViewController.swift */,
			);
			path = Notification;
			sourceTree = "<group>";
		};
		9870BA021FB8CE1F008E678B /* Profile */ = {
			isa = PBXGroup;
			children = (
				9833D24720123BE600B6909B /* ProfileViewController.swift */,
				9833D24820123BE600B6909B /* ProfileHeaderTableViewCell.swift */,
				9833D24620123BE500B6909B /* ProfileHeaderView.swift */,
				9870BA031FB8CE9B008E678B /* Settings */,
				982C682B1FCEF2BF0090F5F6 /* CompleteProfile */,
			);
			path = Profile;
			sourceTree = "<group>";
		};
		9870BA031FB8CE9B008E678B /* Settings */ = {
			isa = PBXGroup;
			children = (
				983308F82031E8F300768A3A /* ContactUs */,
				9870BA041FB8CEB3008E678B /* SettingsViewController.swift */,
				986516561FBA4E2B00551208 /* SettingsTableCell.swift */,
				9825892A20155C5B00B701EB /* WebViewController.swift */,
			);
			path = Settings;
			sourceTree = "<group>";
		};
		9870BA061FB8D08E008E678B /* Service Handler */ = {
			isa = PBXGroup;
			children = (
				9825C2FF1FD1CCD300FE93E3 /* WatheqApi.swift */,
				9825C3011FD1DD2400FE93E3 /* NetworkHandler.swift */,
				9825C3031FD1DDA100FE93E3 /* DefaultAlamofireManager.swift */,
			);
			path = "Service Handler";
			sourceTree = "<group>";
		};
		9870BA071FB8D0A8008E678B /* Model */ = {
			isa = PBXGroup;
			children = (
				983A4FFA2029135900740826 /* Prices */,
				9826F70A201404A50049363F /* Notification */,
				985B36D0200C292E002F11B0 /* Messages */,
				983467FC2009637F00C36CDC /* Order */,
				9825C3051FD1DE0D00FE93E3 /* User */,
				988942EA1FCA1293001B4F75 /* Country */,
			);
			path = Model;
			sourceTree = "<group>";
		};
		9870BA081FB8D0C6008E678B /* View */ = {
			isa = PBXGroup;
			children = (
				98DDA14E1FB797E500B8F42F /* Main.storyboard */,
				98DDA1531FB797E500B8F42F /* LaunchScreen.storyboard */,
				988942EF1FCA12FA001B4F75 /* CountryCodeListCell.xib */,
				988942F01FCA12FA001B4F75 /* CountryCodeListController.xib */,
			);
			path = View;
			sourceTree = "<group>";
		};
		9870BA091FB8D0D5008E678B /* ViewControllers */ = {
			isa = PBXGroup;
			children = (
				985587DE1FC6C2C4001AD5E5 /* Login */,
				9870BA001FB8CDF6008E678B /* Watheq */,
				9870B9FF1FB8CDE5008E678B /* MyOrders */,
				9870BA011FB8CE07008E678B /* Notification */,
				9870BA021FB8CE1F008E678B /* Profile */,
			);
			path = ViewControllers;
			sourceTree = "<group>";
		};
		9870BA0A1FB8D0E0008E678B /* ViewModel */ = {
			isa = PBXGroup;
			children = (
				983A5001202913A000740826 /* PricesViewModel */,
				9826F70F2014074E0049363F /* NotificationViewModel */,
				9834680A2009685700C36CDC /* MowatheqViewModel */,
				98346805200963BE00C36CDC /* Order */,
				9825C30A1FD1E2C000FE93E3 /* userViewModel */,
			);
			path = ViewModel;
			sourceTree = "<group>";
		};
		9870BA0B1FB8D0E8008E678B /* Protocols */ = {
			isa = PBXGroup;
			children = (
				985587F01FC6DD19001AD5E5 /* LblWithTitleGenralCellProtocol.swift */,
				985587E81FC6D882001AD5E5 /* plistReaderProtocol.swift */,
				989B46071FB8DA8D00618519 /* RefreshAppProtocol.swift */,
				985587EC1FC6D8EA001AD5E5 /* ToastAlertProtocol.swift */,
			);
			path = Protocols;
			sourceTree = "<group>";
		};
		9870BA0C1FB8D11C008E678B /* Extensions */ = {
			isa = PBXGroup;
			children = (
				986F54EE1FD007AF00E9F842 /* NotificationExtension.swift */,
				988942E81FCA123E001B4F75 /* View+Additions.swift */,
				985587EE1FC6D964001AD5E5 /* UIColorExtension.swift */,
			);
			path = Extensions;
			sourceTree = "<group>";
		};
		9870BA0D1FB8D139008E678B /* Helper */ = {
			isa = PBXGroup;
			children = (
				9883DF801FD56EF1008FC708 /* RMMapper */,
				986F54EB1FD0068800E9F842 /* NWConnectivity */,
				988942E31FCA10DB001B4F75 /* JSONReader */,
				982416C91FC4D7FD00080DE9 /* BaseClass */,
				989B46051FB8DA1400618519 /* Constants */,
				989B45FC1FB8D9A300618519 /* MOLocalization */,
			);
			path = Helper;
			sourceTree = "<group>";
		};
		9870BA0F1FB8D15F008E678B /* Assets */ = {
			isa = PBXGroup;
			children = (
				9834680D2009714700C36CDC /* TabBarAssets.xcassets */,
				9870BA111FB8D489008E678B /* Assets.xcassets */,
				982416C71FC4D15900080DE9 /* EmptyDataAssets.xcassets */,
				988943011FCA2B74001B4F75 /* LoginAssets.xcassets */,
				9833D24C20123C2100B6909B /* ProfileAssets.xcassets */,
			);
			path = Assets;
			sourceTree = "<group>";
		};
		9883DF801FD56EF1008FC708 /* RMMapper */ = {
			isa = PBXGroup;
			children = (
				9883DF821FD56F2D008FC708 /* NSObject+RMArchivable.h */,
				9883DF831FD56F2D008FC708 /* NSObject+RMArchivable.m */,
				9883DF861FD56F2E008FC708 /* NSObject+RMCopyable.h */,
				9883DF871FD56F2E008FC708 /* NSObject+RMCopyable.m */,
				9883DF881FD56F2E008FC708 /* NSUserDefaults+RMSaveCustomObject.h */,
				9883DF841FD56F2D008FC708 /* NSUserDefaults+RMSaveCustomObject.m */,
				9883DF891FD56F2E008FC708 /* RMMapper.h */,
				9883DF851FD56F2D008FC708 /* RMMapper.m */,
			);
			path = RMMapper;
			sourceTree = "<group>";
		};
		988942DE1FC72312001B4F75 /* Fonts */ = {
			isa = PBXGroup;
			children = (
				988942DA1FC7230B001B4F75 /* DinNextMedium.ttf */,
				988942DB1FC7230C001B4F75 /* DinNextRegular.ttf */,
			);
			name = Fonts;
			sourceTree = "<group>";
		};
		988942E31FCA10DB001B4F75 /* JSONReader */ = {
			isa = PBXGroup;
			children = (
				988942E41FCA10E5001B4F75 /* JSONReader.swift */,
			);
			path = JSONReader;
			sourceTree = "<group>";
		};
		988942EA1FCA1293001B4F75 /* Country */ = {
			isa = PBXGroup;
			children = (
				988942EC1FCA12C2001B4F75 /* Countries.swift */,
				988942EB1FCA12C2001B4F75 /* Country.swift */,
			);
			path = Country;
			sourceTree = "<group>";
		};
		989B45FC1FB8D9A300618519 /* MOLocalization */ = {
			isa = PBXGroup;
			children = (
				989B45FD1FB8D9B400618519 /* Language.swift */,
				989B45FE1FB8D9B400618519 /* Localizer.swift */,
				989B46031FB8D9E200618519 /* Localizable.strings */,
			);
			path = MOLocalization;
			sourceTree = "<group>";
		};
		989B46051FB8DA1400618519 /* Constants */ = {
			isa = PBXGroup;
			children = (
				989B46061FB8DA2600618519 /* Constants.swift */,
			);
			path = Constants;
			sourceTree = "<group>";
		};
		98DDA13C1FB797E500B8F42F = {
			isa = PBXGroup;
			children = (
				98DDA1471FB797E500B8F42F /* Wathaq */,
				98DDA1461FB797E500B8F42F /* Products */,
				14E193804513A5321D258CF1 /* Pods */,
				3923759A425BAC3D12F811E1 /* Frameworks */,
			);
			sourceTree = "<group>";
		};
		98DDA1461FB797E500B8F42F /* Products */ = {
			isa = PBXGroup;
			children = (
				98DDA1451FB797E500B8F42F /* تطبيق الموثق.app */,
			);
			name = Products;
			sourceTree = "<group>";
		};
		98DDA1471FB797E500B8F42F /* Wathaq */ = {
			isa = PBXGroup;
			children = (
				988942E11FCA0F8C001B4F75 /* Wathaq.entitlements */,
				9883DF811FD56F2C008FC708 /* Wathaq-Bridging-Header.h */,
				98DDA1481FB797E500B8F42F /* AppDelegate.swift */,
				9870BA061FB8D08E008E678B /* Service Handler */,
				9870BA0A1FB8D0E0008E678B /* ViewModel */,
				9870BA071FB8D0A8008E678B /* Model */,
				9870BA081FB8D0C6008E678B /* View */,
				9870BA091FB8D0D5008E678B /* ViewControllers */,
				9870BA0F1FB8D15F008E678B /* Assets */,
				985587F21FC6F21B001AD5E5 /* Resources */,
				9870BA0D1FB8D139008E678B /* Helper */,
				9870BA0C1FB8D11C008E678B /* Extensions */,
				9870BA0B1FB8D0E8008E678B /* Protocols */,
			);
			path = Wathaq;
			sourceTree = "<group>";
		};
/* End PBXGroup section */

/* Begin PBXNativeTarget section */
		98DDA1441FB797E500B8F42F /* WathaqLawyer */ = {
			isa = PBXNativeTarget;
			buildConfigurationList = 98DDA1591FB797E600B8F42F /* Build configuration list for PBXNativeTarget "WathaqLawyer" */;
			buildPhases = (
				AA5A84C2F2275FA5D2FE6CE6 /* [CP] Check Pods Manifest.lock */,
				98DDA1411FB797E500B8F42F /* Sources */,
				98DDA1421FB797E500B8F42F /* Frameworks */,
				98DDA1431FB797E500B8F42F /* Resources */,
				981E58D9E2E4ABCF01799928 /* [CP] Embed Pods Frameworks */,
				FFD11035B67178B9F801C67F /* [CP] Copy Pods Resources */,
			);
			buildRules = (
			);
			dependencies = (
			);
			name = WathaqLawyer;
			productName = Wathaq;
			productReference = 98DDA1451FB797E500B8F42F /* تطبيق الموثق.app */;
			productType = "com.apple.product-type.application";
		};
/* End PBXNativeTarget section */

/* Begin PBXProject section */
		98DDA13D1FB797E500B8F42F /* Project object */ = {
			isa = PBXProject;
			attributes = {
				LastSwiftUpdateCheck = 0900;
				LastUpgradeCheck = 0910;
				ORGANIZATIONNAME = "Ahmed Zaky";
				TargetAttributes = {
					98DDA1441FB797E500B8F42F = {
						CreatedOnToolsVersion = 9.0;
						LastSwiftMigration = 0910;
						ProvisioningStyle = Automatic;
						SystemCapabilities = {
							com.apple.BackgroundModes = {
								enabled = 1;
							};
							com.apple.Push = {
								enabled = 1;
							};
						};
					};
				};
			};
			buildConfigurationList = 98DDA1401FB797E500B8F42F /* Build configuration list for PBXProject "WathaqLawyer" */;
			compatibilityVersion = "Xcode 8.0";
			developmentRegion = en;
			hasScannedForEncodings = 0;
			knownRegions = (
				en,
				Base,
				ar,
			);
			mainGroup = 98DDA13C1FB797E500B8F42F;
			productRefGroup = 98DDA1461FB797E500B8F42F /* Products */;
			projectDirPath = "";
			projectRoot = "";
			targets = (
				98DDA1441FB797E500B8F42F /* WathaqLawyer */,
			);
		};
/* End PBXProject section */

/* Begin PBXResourcesBuildPhase section */
		98DDA1431FB797E500B8F42F /* Resources */ = {
			isa = PBXResourcesBuildPhase;
			buildActionMask = 2147483647;
			files = (
				988942DC1FC7230D001B4F75 /* DinNextMedium.ttf in Resources */,
				989B46011FB8D9E200618519 /* Localizable.strings in Resources */,
				98DDA1551FB797E500B8F42F /* LaunchScreen.storyboard in Resources */,
				988942DD1FC7230D001B4F75 /* DinNextRegular.ttf in Resources */,
				9870BA121FB8D489008E678B /* Assets.xcassets in Resources */,
				988942F31FCA12FB001B4F75 /* CountryCodeListCell.xib in Resources */,
				988943021FCA2B74001B4F75 /* LoginAssets.xcassets in Resources */,
				982416C81FC4D15900080DE9 /* EmptyDataAssets.xcassets in Resources */,
				9833D24D20123C2100B6909B /* ProfileAssets.xcassets in Resources */,
				988942D61FC72074001B4F75 /* SettingsList.plist in Resources */,
				988942F41FCA12FB001B4F75 /* CountryCodeListController.xib in Resources */,
				98DDA1501FB797E500B8F42F /* Main.storyboard in Resources */,
				988942E01FCA0F73001B4F75 /* country-codes.json in Resources */,
				9834680E2009714700C36CDC /* TabBarAssets.xcassets in Resources */,
				98D00E29200941B4000F7356 /* GoogleService-Info.plist in Resources */,
			);
			runOnlyForDeploymentPostprocessing = 0;
		};
/* End PBXResourcesBuildPhase section */

/* Begin PBXShellScriptBuildPhase section */
		981E58D9E2E4ABCF01799928 /* [CP] Embed Pods Frameworks */ = {
			isa = PBXShellScriptBuildPhase;
			buildActionMask = 2147483647;
			files = (
			);
			inputPaths = (
				"${SRCROOT}/Pods/Target Support Files/Pods-WathaqLawyer/Pods-WathaqLawyer-frameworks.sh",
				"${BUILT_PRODUCTS_DIR}/Alamofire/Alamofire.framework",
				"${BUILT_PRODUCTS_DIR}/BetterSegmentedControl/BetterSegmentedControl.framework",
				"${BUILT_PRODUCTS_DIR}/CountdownLabel/CountdownLabel.framework",
				"${BUILT_PRODUCTS_DIR}/DAKeychain/DAKeychain.framework",
				"${BUILT_PRODUCTS_DIR}/DZNEmptyDataSet/DZNEmptyDataSet.framework",
				"${BUILT_PRODUCTS_DIR}/ESPullToRefresh/ESPullToRefresh.framework",
				"${BUILT_PRODUCTS_DIR}/GTMSessionFetcher/GTMSessionFetcher.framework",
				"${BUILT_PRODUCTS_DIR}/GoogleToolboxForMac/GoogleToolboxForMac.framework",
				"${BUILT_PRODUCTS_DIR}/Hero/Hero.framework",
				"${BUILT_PRODUCTS_DIR}/Kingfisher/Kingfisher.framework",
				"${BUILT_PRODUCTS_DIR}/Moya/Moya.framework",
				"${BUILT_PRODUCTS_DIR}/NVActivityIndicatorView/NVActivityIndicatorView.framework",
				"${BUILT_PRODUCTS_DIR}/ObjectMapper/ObjectMapper.framework",
				"${BUILT_PRODUCTS_DIR}/Protobuf/Protobuf.framework",
				"${BUILT_PRODUCTS_DIR}/PullToRefreshKit/PullToRefreshKit.framework",
				"${BUILT_PRODUCTS_DIR}/Realm/Realm.framework",
				"${BUILT_PRODUCTS_DIR}/RealmSwift/RealmSwift.framework",
				"${BUILT_PRODUCTS_DIR}/Result/Result.framework",
				"${BUILT_PRODUCTS_DIR}/Skeleton/Skeleton.framework",
				"${BUILT_PRODUCTS_DIR}/SwiftMessages/SwiftMessages.framework",
				"${BUILT_PRODUCTS_DIR}/SwifterSwift/SwifterSwift.framework",
				"${BUILT_PRODUCTS_DIR}/SwiftyJSON/SwiftyJSON.framework",
				"${BUILT_PRODUCTS_DIR}/TransitionButton/TransitionButton.framework",
				"${BUILT_PRODUCTS_DIR}/leveldb-library/leveldb.framework",
				"${BUILT_PRODUCTS_DIR}/nanopb/nanopb.framework",
			);
			name = "[CP] Embed Pods Frameworks";
			outputPaths = (
				"${TARGET_BUILD_DIR}/${FRAMEWORKS_FOLDER_PATH}/Alamofire.framework",
				"${TARGET_BUILD_DIR}/${FRAMEWORKS_FOLDER_PATH}/BetterSegmentedControl.framework",
				"${TARGET_BUILD_DIR}/${FRAMEWORKS_FOLDER_PATH}/CountdownLabel.framework",
				"${TARGET_BUILD_DIR}/${FRAMEWORKS_FOLDER_PATH}/DAKeychain.framework",
				"${TARGET_BUILD_DIR}/${FRAMEWORKS_FOLDER_PATH}/DZNEmptyDataSet.framework",
				"${TARGET_BUILD_DIR}/${FRAMEWORKS_FOLDER_PATH}/ESPullToRefresh.framework",
				"${TARGET_BUILD_DIR}/${FRAMEWORKS_FOLDER_PATH}/GTMSessionFetcher.framework",
				"${TARGET_BUILD_DIR}/${FRAMEWORKS_FOLDER_PATH}/GoogleToolboxForMac.framework",
				"${TARGET_BUILD_DIR}/${FRAMEWORKS_FOLDER_PATH}/Hero.framework",
				"${TARGET_BUILD_DIR}/${FRAMEWORKS_FOLDER_PATH}/Kingfisher.framework",
				"${TARGET_BUILD_DIR}/${FRAMEWORKS_FOLDER_PATH}/Moya.framework",
				"${TARGET_BUILD_DIR}/${FRAMEWORKS_FOLDER_PATH}/NVActivityIndicatorView.framework",
				"${TARGET_BUILD_DIR}/${FRAMEWORKS_FOLDER_PATH}/ObjectMapper.framework",
				"${TARGET_BUILD_DIR}/${FRAMEWORKS_FOLDER_PATH}/Protobuf.framework",
				"${TARGET_BUILD_DIR}/${FRAMEWORKS_FOLDER_PATH}/PullToRefreshKit.framework",
				"${TARGET_BUILD_DIR}/${FRAMEWORKS_FOLDER_PATH}/Realm.framework",
				"${TARGET_BUILD_DIR}/${FRAMEWORKS_FOLDER_PATH}/RealmSwift.framework",
				"${TARGET_BUILD_DIR}/${FRAMEWORKS_FOLDER_PATH}/Result.framework",
				"${TARGET_BUILD_DIR}/${FRAMEWORKS_FOLDER_PATH}/Skeleton.framework",
				"${TARGET_BUILD_DIR}/${FRAMEWORKS_FOLDER_PATH}/SwiftMessages.framework",
				"${TARGET_BUILD_DIR}/${FRAMEWORKS_FOLDER_PATH}/SwifterSwift.framework",
				"${TARGET_BUILD_DIR}/${FRAMEWORKS_FOLDER_PATH}/SwiftyJSON.framework",
				"${TARGET_BUILD_DIR}/${FRAMEWORKS_FOLDER_PATH}/TransitionButton.framework",
				"${TARGET_BUILD_DIR}/${FRAMEWORKS_FOLDER_PATH}/leveldb.framework",
				"${TARGET_BUILD_DIR}/${FRAMEWORKS_FOLDER_PATH}/nanopb.framework",
			);
			runOnlyForDeploymentPostprocessing = 0;
			shellPath = /bin/sh;
			shellScript = "\"${SRCROOT}/Pods/Target Support Files/Pods-WathaqLawyer/Pods-WathaqLawyer-frameworks.sh\"\n";
			showEnvVarsInLog = 0;
		};
		AA5A84C2F2275FA5D2FE6CE6 /* [CP] Check Pods Manifest.lock */ = {
			isa = PBXShellScriptBuildPhase;
			buildActionMask = 2147483647;
			files = (
			);
			inputPaths = (
				"${PODS_PODFILE_DIR_PATH}/Podfile.lock",
				"${PODS_ROOT}/Manifest.lock",
			);
			name = "[CP] Check Pods Manifest.lock";
			outputPaths = (
				"$(DERIVED_FILE_DIR)/Pods-WathaqLawyer-checkManifestLockResult.txt",
			);
			runOnlyForDeploymentPostprocessing = 0;
			shellPath = /bin/sh;
			shellScript = "diff \"${PODS_PODFILE_DIR_PATH}/Podfile.lock\" \"${PODS_ROOT}/Manifest.lock\" > /dev/null\nif [ $? != 0 ] ; then\n    # print error to STDERR\n    echo \"error: The sandbox is not in sync with the Podfile.lock. Run 'pod install' or update your CocoaPods installation.\" >&2\n    exit 1\nfi\n# This output is used by Xcode 'outputs' to avoid re-running this script phase.\necho \"SUCCESS\" > \"${SCRIPT_OUTPUT_FILE_0}\"\n";
			showEnvVarsInLog = 0;
		};
		FFD11035B67178B9F801C67F /* [CP] Copy Pods Resources */ = {
			isa = PBXShellScriptBuildPhase;
			buildActionMask = 2147483647;
			files = (
			);
			inputPaths = (
				"${SRCROOT}/Pods/Target Support Files/Pods-WathaqLawyer/Pods-WathaqLawyer-resources.sh",
				"${PODS_ROOT}/GoogleMaps/Maps/Frameworks/GoogleMaps.framework/Resources/GoogleMaps.bundle",
				"${PODS_ROOT}/GooglePlaces/Frameworks/GooglePlaces.framework/Resources/GooglePlaces.bundle",
			);
			name = "[CP] Copy Pods Resources";
			outputPaths = (
				"${TARGET_BUILD_DIR}/${UNLOCALIZED_RESOURCES_FOLDER_PATH}",
			);
			runOnlyForDeploymentPostprocessing = 0;
			shellPath = /bin/sh;
			shellScript = "\"${SRCROOT}/Pods/Target Support Files/Pods-WathaqLawyer/Pods-WathaqLawyer-resources.sh\"\n";
			showEnvVarsInLog = 0;
		};
/* End PBXShellScriptBuildPhase section */

/* Begin PBXSourcesBuildPhase section */
		98DDA1411FB797E500B8F42F /* Sources */ = {
			isa = PBXSourcesBuildPhase;
			buildActionMask = 2147483647;
			files = (
				982B5D3A1FCB528A0028092E /* phoneVerificationTableViewCell.swift in Sources */,
				982DF1FD1FD40DC000E4A8EA /* UserRootClass.swift in Sources */,
				9826F7052013CCAD0049363F /* AcceptOrderRootClass.swift in Sources */,
				9833D24F2012887B00B6909B /* AcceptsOrderViewController.swift in Sources */,
				98DDA1491FB797E500B8F42F /* AppDelegate.swift in Sources */,
				989B460B1FB8DB9B00618519 /* RefreshAppProtocol.swift in Sources */,
				9833D24B20123BE700B6909B /* ProfileHeaderTableViewCell.swift in Sources */,
				989B46081FB8DB8800618519 /* Language.swift in Sources */,
				9883DF8D1FD56F2E008FC708 /* NSObject+RMCopyable.m in Sources */,
				983308FB2031E90500768A3A /* ContactusDetailsTableViewCell.swift in Sources */,
				982B5D381FCB4C840028092E /* PhoneNumberTableViewCell.swift in Sources */,
				983467F92009634000C36CDC /* MyOrderPlaceHolderTableViewCell.swift in Sources */,
				988942FD1FCA1321001B4F75 /* PhoneVerificationController.swift in Sources */,
				988942FB1FCA1321001B4F75 /* CountryCodeListController.swift in Sources */,
				983468032009639500C36CDC /* Client.swift in Sources */,
				9870B9FC1FB8CA51008E678B /* NotficationsViewController.swift in Sources */,
				983309002031ED5900768A3A /* CreateOrderTableViewCell.swift in Sources */,
				988942FC1FCA1321001B4F75 /* CountryCodeListCell.swift in Sources */,
				98337A071FCC334B00EE7539 /* TimerTableViewCell.swift in Sources */,
				9852F5091FDDCD4A007B785C /* UploadProfissionalFilesViewController.swift in Sources */,
				986516571FBA4E2B00551208 /* SettingsTableCell.swift in Sources */,
				9825C3091FD1DFD200FE93E3 /* User.swift in Sources */,
				988942ED1FCA12C2001B4F75 /* Country.swift in Sources */,
				9825C3001FD1CCD300FE93E3 /* WatheqApi.swift in Sources */,
				983468042009639500C36CDC /* OrderRootClass.swift in Sources */,
				985B36DC200C2C49002F11B0 /* ChatVC.swift in Sources */,
				985B36D2200C2948002F11B0 /* Message.swift in Sources */,
				9883DF8C1FD56F2E008FC708 /* RMMapper.m in Sources */,
				983467F72009634000C36CDC /* CreateChannelCell.swift in Sources */,
				985587E91FC6D882001AD5E5 /* plistReaderProtocol.swift in Sources */,
				983A5003202913D500740826 /* PricesViewModel.swift in Sources */,
				982C682D1FCEF2DC0090F5F6 /* CompleteProfileViewController.swift in Sources */,
				986F54EF1FD007AF00E9F842 /* NotificationExtension.swift in Sources */,
				9870B9FA1FB8CA38008E678B /* WatheqViewController.swift in Sources */,
				985B36DB200C2C49002F11B0 /* VCCells.swift in Sources */,
				983308FE2031E97F00768A3A /* AddressLocationTableViewCell.swift in Sources */,
				9870BA051FB8CEB3008E678B /* SettingsViewController.swift in Sources */,
				98D00E2B200948D4000F7356 /* CurrentLocationViewController.swift in Sources */,
				989B46091FB8DB8C00618519 /* Localizer.swift in Sources */,
				983468092009683700C36CDC /* MowatheqData.swift in Sources */,
				985587EF1FC6D964001AD5E5 /* UIColorExtension.swift in Sources */,
				9825892B20155C5B00B701EB /* WebViewController.swift in Sources */,
				9826F711201407690049363F /* NotificationViewModel.swift in Sources */,
				983A50052029165100740826 /* WkalatType.swift in Sources */,
				983A4FFF2029136C00740826 /* PricesRootClass.swift in Sources */,
				988942E51FCA10E5001B4F75 /* JSONReader.swift in Sources */,
				9883DF8A1FD56F2E008FC708 /* NSObject+RMArchivable.m in Sources */,
				9826F7072013D4780049363F /* Category.swift in Sources */,
				9826F7092013D7020049363F /* Sub.swift in Sources */,
				9825C3021FD1DD2400FE93E3 /* NetworkHandler.swift in Sources */,
				9825C30C1FD1E2F500FE93E3 /* UserViewModel.swift in Sources */,
				985587ED1FC6D8EA001AD5E5 /* ToastAlertProtocol.swift in Sources */,
				98346807200963C900C36CDC /* OrderViewModel.swift in Sources */,
				983308FC2031E90500768A3A /* ContactUsViewController.swift in Sources */,
				9826F70D201404BA0049363F /* NotificationRootClass.swift in Sources */,
				9826F70E201404BA0049363F /* NotificationData.swift in Sources */,
				988942E91FCA123E001B4F75 /* View+Additions.swift in Sources */,
				983467F82009634000C36CDC /* MyOrderTableViewCell.swift in Sources */,
				9833D24A20123BE700B6909B /* ProfileViewController.swift in Sources */,
				9825C3041FD1DDA100FE93E3 /* DefaultAlamofireManager.swift in Sources */,
				983468022009639500C36CDC /* Orderdata.swift in Sources */,
				9833D24920123BE700B6909B /* ProfileHeaderView.swift in Sources */,
				988943001FCA19C8001B4F75 /* singleToneClassValues.swift in Sources */,
				982416CD1FC4D93100080DE9 /* AbstractViewController.swift in Sources */,
				989B460A1FB8DB9000618519 /* Constants.swift in Sources */,
				985B36D7200C2C3D002F11B0 /* ContactsManager.swift in Sources */,
				983468012009639500C36CDC /* NewOrderRequestRootClass.swift in Sources */,
				988942FE1FCA1321001B4F75 /* PhoneEntryController.swift in Sources */,
				986F54ED1FD0069500E9F842 /* NWConnectivity.swift in Sources */,
				983467FB2009634000C36CDC /* MyOrdersViewController.swift in Sources */,
				9883DF8B1FD56F2E008FC708 /* NSUserDefaults+RMSaveCustomObject.m in Sources */,
				988942EE1FCA12C2001B4F75 /* Countries.swift in Sources */,
				985B36D8200C2C3D002F11B0 /* Helper Files.swift in Sources */,
				982F2CB1200FD4BF003276EE /* PricePlaceHolderTableViewCell.swift in Sources */,
				985587F11FC6DD19001AD5E5 /* LblWithTitleGenralCellProtocol.swift in Sources */,
				982F2CAF200FD4AA003276EE /* PriceTableViewCell.swift in Sources */,
			);
			runOnlyForDeploymentPostprocessing = 0;
		};
/* End PBXSourcesBuildPhase section */

/* Begin PBXVariantGroup section */
		988942D81FC72074001B4F75 /* SettingsList.plist */ = {
			isa = PBXVariantGroup;
			children = (
				988942D71FC72074001B4F75 /* en */,
			);
			name = SettingsList.plist;
			sourceTree = "<group>";
		};
		989B46031FB8D9E200618519 /* Localizable.strings */ = {
			isa = PBXVariantGroup;
			children = (
				989B46021FB8D9E200618519 /* en */,
				989B46041FB8D9E400618519 /* ar */,
			);
			name = Localizable.strings;
			sourceTree = "<group>";
		};
		98DDA14E1FB797E500B8F42F /* Main.storyboard */ = {
			isa = PBXVariantGroup;
			children = (
				98DDA14F1FB797E500B8F42F /* Base */,
			);
			name = Main.storyboard;
			sourceTree = "<group>";
		};
		98DDA1531FB797E500B8F42F /* LaunchScreen.storyboard */ = {
			isa = PBXVariantGroup;
			children = (
				98DDA1541FB797E500B8F42F /* Base */,
				9870B9F61FB8C7CB008E678B /* ar */,
			);
			name = LaunchScreen.storyboard;
			sourceTree = "<group>";
		};
/* End PBXVariantGroup section */

/* Begin XCBuildConfiguration section */
		98DDA1571FB797E600B8F42F /* Debug */ = {
			isa = XCBuildConfiguration;
			buildSettings = {
				ALWAYS_SEARCH_USER_PATHS = NO;
				CLANG_ANALYZER_LOCALIZABILITY_NONLOCALIZED = YES;
				CLANG_ANALYZER_NONNULL = YES;
				CLANG_ANALYZER_NUMBER_OBJECT_CONVERSION = YES_AGGRESSIVE;
				CLANG_CXX_LANGUAGE_STANDARD = "gnu++14";
				CLANG_CXX_LIBRARY = "libc++";
				CLANG_ENABLE_MODULES = YES;
				CLANG_ENABLE_OBJC_ARC = YES;
				CLANG_WARN_BLOCK_CAPTURE_AUTORELEASING = YES;
				CLANG_WARN_BOOL_CONVERSION = YES;
				CLANG_WARN_COMMA = YES;
				CLANG_WARN_CONSTANT_CONVERSION = YES;
				CLANG_WARN_DIRECT_OBJC_ISA_USAGE = YES_ERROR;
				CLANG_WARN_DOCUMENTATION_COMMENTS = YES;
				CLANG_WARN_EMPTY_BODY = YES;
				CLANG_WARN_ENUM_CONVERSION = YES;
				CLANG_WARN_INFINITE_RECURSION = YES;
				CLANG_WARN_INT_CONVERSION = YES;
				CLANG_WARN_NON_LITERAL_NULL_CONVERSION = YES;
				CLANG_WARN_OBJC_LITERAL_CONVERSION = YES;
				CLANG_WARN_OBJC_ROOT_CLASS = YES_ERROR;
				CLANG_WARN_RANGE_LOOP_ANALYSIS = YES;
				CLANG_WARN_STRICT_PROTOTYPES = YES;
				CLANG_WARN_SUSPICIOUS_MOVE = YES;
				CLANG_WARN_UNGUARDED_AVAILABILITY = YES_AGGRESSIVE;
				CLANG_WARN_UNREACHABLE_CODE = YES;
				CLANG_WARN__DUPLICATE_METHOD_MATCH = YES;
				CODE_SIGN_IDENTITY = "iPhone Developer";
				COPY_PHASE_STRIP = NO;
				DEBUG_INFORMATION_FORMAT = dwarf;
				ENABLE_STRICT_OBJC_MSGSEND = YES;
				ENABLE_TESTABILITY = YES;
				GCC_C_LANGUAGE_STANDARD = gnu11;
				GCC_DYNAMIC_NO_PIC = NO;
				GCC_NO_COMMON_BLOCKS = YES;
				GCC_OPTIMIZATION_LEVEL = 0;
				GCC_PREPROCESSOR_DEFINITIONS = (
					"DEBUG=1",
					"$(inherited)",
				);
				GCC_WARN_64_TO_32_BIT_CONVERSION = YES;
				GCC_WARN_ABOUT_RETURN_TYPE = YES_ERROR;
				GCC_WARN_UNDECLARED_SELECTOR = YES;
				GCC_WARN_UNINITIALIZED_AUTOS = YES_AGGRESSIVE;
				GCC_WARN_UNUSED_FUNCTION = YES;
				GCC_WARN_UNUSED_VARIABLE = YES;
				IPHONEOS_DEPLOYMENT_TARGET = 11.0;
				MTL_ENABLE_DEBUG_INFO = YES;
				ONLY_ACTIVE_ARCH = YES;
				SDKROOT = iphoneos;
				SWIFT_ACTIVE_COMPILATION_CONDITIONS = DEBUG;
				SWIFT_OPTIMIZATION_LEVEL = "-Onone";
			};
			name = Debug;
		};
		98DDA1581FB797E600B8F42F /* Release */ = {
			isa = XCBuildConfiguration;
			buildSettings = {
				ALWAYS_SEARCH_USER_PATHS = NO;
				CLANG_ANALYZER_LOCALIZABILITY_NONLOCALIZED = YES;
				CLANG_ANALYZER_NONNULL = YES;
				CLANG_ANALYZER_NUMBER_OBJECT_CONVERSION = YES_AGGRESSIVE;
				CLANG_CXX_LANGUAGE_STANDARD = "gnu++14";
				CLANG_CXX_LIBRARY = "libc++";
				CLANG_ENABLE_MODULES = YES;
				CLANG_ENABLE_OBJC_ARC = YES;
				CLANG_WARN_BLOCK_CAPTURE_AUTORELEASING = YES;
				CLANG_WARN_BOOL_CONVERSION = YES;
				CLANG_WARN_COMMA = YES;
				CLANG_WARN_CONSTANT_CONVERSION = YES;
				CLANG_WARN_DIRECT_OBJC_ISA_USAGE = YES_ERROR;
				CLANG_WARN_DOCUMENTATION_COMMENTS = YES;
				CLANG_WARN_EMPTY_BODY = YES;
				CLANG_WARN_ENUM_CONVERSION = YES;
				CLANG_WARN_INFINITE_RECURSION = YES;
				CLANG_WARN_INT_CONVERSION = YES;
				CLANG_WARN_NON_LITERAL_NULL_CONVERSION = YES;
				CLANG_WARN_OBJC_LITERAL_CONVERSION = YES;
				CLANG_WARN_OBJC_ROOT_CLASS = YES_ERROR;
				CLANG_WARN_RANGE_LOOP_ANALYSIS = YES;
				CLANG_WARN_STRICT_PROTOTYPES = YES;
				CLANG_WARN_SUSPICIOUS_MOVE = YES;
				CLANG_WARN_UNGUARDED_AVAILABILITY = YES_AGGRESSIVE;
				CLANG_WARN_UNREACHABLE_CODE = YES;
				CLANG_WARN__DUPLICATE_METHOD_MATCH = YES;
				CODE_SIGN_IDENTITY = "iPhone Developer";
				COPY_PHASE_STRIP = NO;
				DEBUG_INFORMATION_FORMAT = "dwarf-with-dsym";
				ENABLE_NS_ASSERTIONS = NO;
				ENABLE_STRICT_OBJC_MSGSEND = YES;
				GCC_C_LANGUAGE_STANDARD = gnu11;
				GCC_NO_COMMON_BLOCKS = YES;
				GCC_WARN_64_TO_32_BIT_CONVERSION = YES;
				GCC_WARN_ABOUT_RETURN_TYPE = YES_ERROR;
				GCC_WARN_UNDECLARED_SELECTOR = YES;
				GCC_WARN_UNINITIALIZED_AUTOS = YES_AGGRESSIVE;
				GCC_WARN_UNUSED_FUNCTION = YES;
				GCC_WARN_UNUSED_VARIABLE = YES;
				IPHONEOS_DEPLOYMENT_TARGET = 11.0;
				MTL_ENABLE_DEBUG_INFO = NO;
				SDKROOT = iphoneos;
				SWIFT_OPTIMIZATION_LEVEL = "-Owholemodule";
				VALIDATE_PRODUCT = YES;
			};
			name = Release;
		};
		98DDA15A1FB797E600B8F42F /* Debug */ = {
			isa = XCBuildConfiguration;
			baseConfigurationReference = EB32E8E55D341A9407C31664 /* Pods-WathaqLawyer.debug.xcconfig */;
			buildSettings = {
				ASSETCATALOG_COMPILER_APPICON_NAME = AppIcon;
				CLANG_ENABLE_MODULES = YES;
				CODE_SIGN_ENTITLEMENTS = Wathaq/Wathaq.entitlements;
				CODE_SIGN_STYLE = Automatic;
				DEVELOPMENT_TEAM = 83J77SFAFA;
				INFOPLIST_FILE = "$(SRCROOT)/Wathaq/Info.plist";
				IPHONEOS_DEPLOYMENT_TARGET = 10.0;
				LD_RUNPATH_SEARCH_PATHS = "$(inherited) @executable_path/Frameworks";
				PRODUCT_BUNDLE_IDENTIFIER = com.watheq.watheqmowtheq;
				PRODUCT_NAME = "تطبيق الموثق";
				SWIFT_OBJC_BRIDGING_HEADER = "Wathaq/Wathaq-Bridging-Header.h";
				SWIFT_OPTIMIZATION_LEVEL = "-Onone";
				SWIFT_VERSION = 4.0;
				TARGETED_DEVICE_FAMILY = 1;
			};
			name = Debug;
		};
		98DDA15B1FB797E600B8F42F /* Release */ = {
			isa = XCBuildConfiguration;
			baseConfigurationReference = DB39FEA0487F062427B2390B /* Pods-WathaqLawyer.release.xcconfig */;
			buildSettings = {
				ASSETCATALOG_COMPILER_APPICON_NAME = AppIcon;
				CLANG_ENABLE_MODULES = YES;
				CODE_SIGN_ENTITLEMENTS = Wathaq/Wathaq.entitlements;
				CODE_SIGN_STYLE = Automatic;
				DEVELOPMENT_TEAM = 83J77SFAFA;
				INFOPLIST_FILE = "$(SRCROOT)/Wathaq/Info.plist";
				IPHONEOS_DEPLOYMENT_TARGET = 10.0;
				LD_RUNPATH_SEARCH_PATHS = "$(inherited) @executable_path/Frameworks";
				PRODUCT_BUNDLE_IDENTIFIER = com.watheq.watheqmowtheq;
				PRODUCT_NAME = "تطبيق الموثق";
				SWIFT_OBJC_BRIDGING_HEADER = "Wathaq/Wathaq-Bridging-Header.h";
				SWIFT_VERSION = 4.0;
				TARGETED_DEVICE_FAMILY = 1;
			};
			name = Release;
		};
/* End XCBuildConfiguration section */

/* Begin XCConfigurationList section */
		98DDA1401FB797E500B8F42F /* Build configuration list for PBXProject "WathaqLawyer" */ = {
			isa = XCConfigurationList;
			buildConfigurations = (
				98DDA1571FB797E600B8F42F /* Debug */,
				98DDA1581FB797E600B8F42F /* Release */,
			);
			defaultConfigurationIsVisible = 0;
			defaultConfigurationName = Release;
		};
		98DDA1591FB797E600B8F42F /* Build configuration list for PBXNativeTarget "WathaqLawyer" */ = {
			isa = XCConfigurationList;
			buildConfigurations = (
				98DDA15A1FB797E600B8F42F /* Debug */,
				98DDA15B1FB797E600B8F42F /* Release */,
			);
			defaultConfigurationIsVisible = 0;
			defaultConfigurationName = Release;
		};
/* End XCConfigurationList section */
	};
	rootObject = 98DDA13D1FB797E500B8F42F /* Project object */;
}
